
Microsoft Visual Studio Solution File, Format Version 12.00
# Visual Studio Version 16
VisualStudioVersion = 16.0.30907.101
MinimumVisualStudioVersion = 10.0.40219.1
Project("{FAE04EC0-301F-11D3-BF4B-00C04F79EFBC}") = "TEST", "TEST\TEST.csproj", "{DDA20B33-9765-46EA-B9AF-A0B882FA3268}"
EndProject
Global
	GlobalSection(SolutionConfigurationPlatforms) = preSolution
		Debug|Any CPU = Debug|Any CPU
		Release|Any CPU = Release|Any CPU
	EndGlobalSection
	GlobalSection(ProjectConfigurationPlatforms) = postSolution
		{DDA20B33-9765-46EA-B9AF-A0B882FA3268}.Debug|Any CPU.ActiveCfg = Debug|Any CPU
		{DDA20B33-9765-46EA-B9AF-A0B882FA3268}.Debug|Any CPU.Build.0 = Debug|Any CPU
		{DDA20B33-9765-46EA-B9AF-A0B882FA3268}.Release|Any CPU.ActiveCfg = Release|Any CPU
		{DDA20B33-9765-46EA-B9AF-A0B882FA3268}.Release|Any CPU.Build.0 = Release|Any CPU
	EndGlobalSection
	GlobalSection(SolutionProperties) = preSolution
		HideSolutionNode = FALSE
	EndGlobalSection
	GlobalSection(ExtensibilityGlobals) = postSolution
		SolutionGuid = {3CB3DED5-7F74-49DA-BECA-5FA9BCF32845}
	EndGlobalSection
EndGlobal
