
Microsoft Visual Studio Solution File, Format Version 12.00
# Visual Studio Version 16
VisualStudioVersion = 16.0.30907.101
MinimumVisualStudioVersion = 10.0.40219.1
Project("{FAE04EC0-301F-11D3-BF4B-00C04F79EFBC}") = "UseReport", "UseReport\UseReport.csproj", "{51EEE577-83B9-4962-9232-F92BC8B52297}"
EndProject
Global
	GlobalSection(SolutionConfigurationPlatforms) = preSolution
		Debug|Any CPU = Debug|Any CPU
		Release|Any CPU = Release|Any CPU
	EndGlobalSection
	GlobalSection(ProjectConfigurationPlatforms) = postSolution
		{51EEE577-83B9-4962-9232-F92BC8B52297}.Debug|Any CPU.ActiveCfg = Debug|Any CPU
		{51EEE577-83B9-4962-9232-F92BC8B52297}.Debug|Any CPU.Build.0 = Debug|Any CPU
		{51EEE577-83B9-4962-9232-F92BC8B52297}.Release|Any CPU.ActiveCfg = Release|Any CPU
		{51EEE577-83B9-4962-9232-F92BC8B52297}.Release|Any CPU.Build.0 = Release|Any CPU
	EndGlobalSection
	GlobalSection(SolutionProperties) = preSolution
		HideSolutionNode = FALSE
	EndGlobalSection
	GlobalSection(ExtensibilityGlobals) = postSolution
		SolutionGuid = {3401FA58-3FBC-4635-B227-366AB4778A42}
	EndGlobalSection
EndGlobal
